
Microsoft Visual Studio Solution File, Format Version 12.00
# Visual Studio 15
Project("{FAE04EC0-301F-11D3-BF4B-00C04F79EFBC}") = "Unity.XR.Interaction.Toolkit.Samples.ARStarterAssets", "Unity.XR.Interaction.Toolkit.Samples.ARStarterAssets.csproj", "{3504B845-EA7B-67D7-3D2C-72776CC1E5A0}"
EndProject
Project("{FAE04EC0-301F-11D3-BF4B-00C04F79EFBC}") = "Unity.XR.Interaction.Toolkit.Samples.StarterAssets", "Unity.XR.Interaction.Toolkit.Samples.StarterAssets.csproj", "{7EE12F7D-5577-3F2F-636A-799B9E69D332}"
EndProject
Project("{FAE04EC0-301F-11D3-BF4B-00C04F79EFBC}") = "Assembly-CSharp", "Assembly-CSharp.csproj", "{888A4267-6AF7-3CD0-067D-9073E72028E1}"
EndProject
Project("{FAE04EC0-301F-11D3-BF4B-00C04F79EFBC}") = "Unity.XR.Interaction.Toolkit.Samples.ARStarterAssets.Editor", "Unity.XR.Interaction.Toolkit.Samples.ARStarterAssets.Editor.csproj", "{EE3A2439-4B28-FA73-1BC2-42AB1581754E}"
EndProject
Project("{FAE04EC0-301F-11D3-BF4B-00C04F79EFBC}") = "Unity.XR.Interaction.Toolkit.Samples.StarterAssets.Editor", "Unity.XR.Interaction.Toolkit.Samples.StarterAssets.Editor.csproj", "{7FA02174-B713-F062-1823-849ECFF23712}"
EndProject
Global
	GlobalSection(SolutionConfigurationPlatforms) = preSolution
		Debug|Any CPU = Debug|Any CPU
		Release|Any CPU = Release|Any CPU
	EndGlobalSection
	GlobalSection(ProjectConfigurationPlatforms) = postSolution
		{3504B845-EA7B-67D7-3D2C-72776CC1E5A0}.Debug|Any CPU.ActiveCfg = Debug|Any CPU
		{3504B845-EA7B-67D7-3D2C-72776CC1E5A0}.Debug|Any CPU.Build.0 = Debug|Any CPU
		{3504B845-EA7B-67D7-3D2C-72776CC1E5A0}.Release|Any CPU.ActiveCfg = Release|Any CPU
		{3504B845-EA7B-67D7-3D2C-72776CC1E5A0}.Release|Any CPU.Build.0 = Release|Any CPU
		{7EE12F7D-5577-3F2F-636A-799B9E69D332}.Debug|Any CPU.ActiveCfg = Debug|Any CPU
		{7EE12F7D-5577-3F2F-636A-799B9E69D332}.Debug|Any CPU.Build.0 = Debug|Any CPU
		{7EE12F7D-5577-3F2F-636A-799B9E69D332}.Release|Any CPU.ActiveCfg = Release|Any CPU
		{7EE12F7D-5577-3F2F-636A-799B9E69D332}.Release|Any CPU.Build.0 = Release|Any CPU
		{888A4267-6AF7-3CD0-067D-9073E72028E1}.Debug|Any CPU.ActiveCfg = Debug|Any CPU
		{888A4267-6AF7-3CD0-067D-9073E72028E1}.Debug|Any CPU.Build.0 = Debug|Any CPU
		{888A4267-6AF7-3CD0-067D-9073E72028E1}.Release|Any CPU.ActiveCfg = Release|Any CPU
		{888A4267-6AF7-3CD0-067D-9073E72028E1}.Release|Any CPU.Build.0 = Release|Any CPU
		{EE3A2439-4B28-FA73-1BC2-42AB1581754E}.Debug|Any CPU.ActiveCfg = Debug|Any CPU
		{EE3A2439-4B28-FA73-1BC2-42AB1581754E}.Debug|Any CPU.Build.0 = Debug|Any CPU
		{EE3A2439-4B28-FA73-1BC2-42AB1581754E}.Release|Any CPU.ActiveCfg = Release|Any CPU
		{EE3A2439-4B28-FA73-1BC2-42AB1581754E}.Release|Any CPU.Build.0 = Release|Any CPU
		{7FA02174-B713-F062-1823-849ECFF23712}.Debug|Any CPU.ActiveCfg = Debug|Any CPU
		{7FA02174-B713-F062-1823-849ECFF23712}.Debug|Any CPU.Build.0 = Debug|Any CPU
		{7FA02174-B713-F062-1823-849ECFF23712}.Release|Any CPU.ActiveCfg = Release|Any CPU
		{7FA02174-B713-F062-1823-849ECFF23712}.Release|Any CPU.Build.0 = Release|Any CPU
	EndGlobalSection
	GlobalSection(SolutionProperties) = preSolution
		HideSolutionNode = FALSE
	EndGlobalSection
EndGlobal
